// !$*UTF8*$!
{
	archiveVersion = 1;
	classes = {
	};
	objectVersion = 46;
	objects = {

/* Begin PBXBuildFile section */
		86BCCFDB1C3CBF740038062A /* AppDelegate.swift in Sources */ = {isa = PBXBuildFile; fileRef = 86BCCFDA1C3CBF740038062A /* AppDelegate.swift */; };
		86BCCFDD1C3CBF740038062A /* ViewController.swift in Sources */ = {isa = PBXBuildFile; fileRef = 86BCCFDC1C3CBF740038062A /* ViewController.swift */; };
		86BCCFE01C3CBF740038062A /* Main.storyboard in Resources */ = {isa = PBXBuildFile; fileRef = 86BCCFDE1C3CBF740038062A /* Main.storyboard */; };
		86BCCFE21C3CBF740038062A /* Assets.xcassets in Resources */ = {isa = PBXBuildFile; fileRef = 86BCCFE11C3CBF740038062A /* Assets.xcassets */; };
		86BCCFE51C3CBF740038062A /* LaunchScreen.storyboard in Resources */ = {isa = PBXBuildFile; fileRef = 86BCCFE31C3CBF740038062A /* LaunchScreen.storyboard */; };
/* End PBXBuildFile section */

/* Begin PBXFileReference section */
		86BCCFD71C3CBF740038062A /* project2_guest_the_flag.app */ = {isa = PBXFileReference; explicitFileType = wrapper.application; includeInIndex = 0; path = project2_guest_the_flag.app; sourceTree = BUILT_PRODUCTS_DIR; };
		86BCCFDA1C3CBF740038062A /* AppDelegate.swift */ = {isa = PBXFileReference; lastKnownFileType = sourcecode.swift; path = AppDelegate.swift; sourceTree = "<group>"; };
		86BCCFDC1C3CBF740038062A /* ViewController.swift */ = {isa = PBXFileReference; lastKnownFileType = sourcecode.swift; path = ViewController.swift; sourceTree = "<group>"; };
		86BCCFDF1C3CBF740038062A /* Base */ = {isa = PBXFileReference; lastKnownFileType = file.storyboard; name = Base; path = Base.lproj/Main.storyboard; sourceTree = "<group>"; };
		86BCCFE11C3CBF740038062A /* Assets.xcassets */ = {isa = PBXFileReference; lastKnownFileType = folder.assetcatalog; path = Assets.xcassets; sourceTree = "<group>"; };
		86BCCFE41C3CBF740038062A /* Base */ = {isa = PBXFileReference; lastKnownFileType = file.storyboard; name = Base; path = Base.lproj/LaunchScreen.storyboard; sourceTree = "<group>"; };
		86BCCFE61C3CBF740038062A /* Info.plist */ = {isa = PBXFileReference; lastKnownFileType = text.plist.xml; path = Info.plist; sourceTree = "<group>"; };
/* End PBXFileReference section */

/* Begin PBXFrameworksBuildPhase section */
		86BCCFD41C3CBF740038062A /* Frameworks */ = {
			isa = PBXFrameworksBuildPhase;
			buildActionMask = 2147483647;
			files = (
			);
			runOnlyForDeploymentPostprocessing = 0;
		};
/* End PBXFrameworksBuildPhase section */

/* Begin PBXGroup section */
		86BCCFCE1C3CBF740038062A = {
			isa = PBXGroup;
			children = (
				86BCCFD91C3CBF740038062A /* project2_guest_the_flag */,
				86BCCFD81C3CBF740038062A /* Products */,
			);
			sourceTree = "<group>";
		};
		86BCCFD81C3CBF740038062A /* Products */ = {
			isa = PBXGroup;
			children = (
				86BCCFD71C3CBF740038062A /* project2_guest_the_flag.app */,
			);
			name = Products;
			sourceTree = "<group>";
		};
		86BCCFD91C3CBF740038062A /* project2_guest_the_flag */ = {
			isa = PBXGroup;
			children = (
				86BCCFDA1C3CBF740038062A /* AppDelegate.swift */,
				86BCCFDC1C3CBF740038062A /* ViewController.swift */,
				86BCCFDE1C3CBF740038062A /* Main.storyboard */,
				86BCCFE11C3CBF740038062A /* Assets.xcassets */,
				86BCCFE31C3CBF740038062A /* LaunchScreen.storyboard */,
				86BCCFE61C3CBF740038062A /* Info.plist */,
			);
			path = project2_guest_the_flag;
			sourceTree = "<group>";
		};
/* End PBXGroup section */

/* Begin PBXNativeTarget section */
		86BCCFD61C3CBF740038062A /* project2_guest_the_flag */ = {
			isa = PBXNativeTarget;
			buildConfigurationList = 86BCCFE91C3CBF740038062A /* Build configuration list for PBXNativeTarget "project2_guest_the_flag" */;
			buildPhases = (
				86BCCFD31C3CBF740038062A /* Sources */,
				86BCCFD41C3CBF740038062A /* Frameworks */,
				86BCCFD51C3CBF740038062A /* Resources */,
			);
			buildRules = (
			);
			dependencies = (
			);
			name = project2_guest_the_flag;
			productName = project2_guest_the_flag;
			productReference = 86BCCFD71C3CBF740038062A /* project2_guest_the_flag.app */;
			productType = "com.apple.product-type.application";
		};
/* End PBXNativeTarget section */

/* Begin PBXProject section */
		86BCCFCF1C3CBF740038062A /* Project object */ = {
			isa = PBXProject;
			attributes = {
				LastSwiftUpdateCheck = 0720;
				LastUpgradeCheck = 0720;
				ORGANIZATIONNAME = "Wendy Sanarwanto";
				TargetAttributes = {
					86BCCFD61C3CBF740038062A = {
						CreatedOnToolsVersion = 7.2;
					};
				};
			};
			buildConfigurationList = 86BCCFD21C3CBF740038062A /* Build configuration list for PBXProject "project2_guest_the_flag" */;
			compatibilityVersion = "Xcode 3.2";
			developmentRegion = English;
			hasScannedForEncodings = 0;
			knownRegions = (
				en,
				Base,
			);
			mainGroup = 86BCCFCE1C3CBF740038062A;
			productRefGroup = 86BCCFD81C3CBF740038062A /* Products */;
			projectDirPath = "";
			projectRoot = "";
			targets = (
				86BCCFD61C3CBF740038062A /* project2_guest_the_flag */,
			);
		};
/* End PBXProject section */

/* Begin PBXResourcesBuildPhase section */
		86BCCFD51C3CBF740038062A /* Resources */ = {
			isa = PBXResourcesBuildPhase;
			buildActionMask = 2147483647;
			files = (
				86BCCFE51C3CBF740038062A /* LaunchScreen.storyboard in Resources */,
				86BCCFE21C3CBF740038062A /* Assets.xcassets in Resources */,
				86BCCFE01C3CBF740038062A /* Main.storyboard in Resources */,
			);
			runOnlyForDeploymentPostprocessing = 0;
		};
/* End PBXResourcesBuildPhase section */

/* Begin PBXSourcesBuildPhase section */
		86BCCFD31C3CBF740038062A /* Sources */ = {
			isa = PBXSourcesBuildPhase;
			buildActionMask = 2147483647;
			files = (
				86BCCFDD1C3CBF740038062A /* ViewController.swift in Sources */,
				86BCCFDB1C3CBF740038062A /* AppDelegate.swift in Sources */,
			);
			runOnlyForDeploymentPostprocessing = 0;
		};
/* End PBXSourcesBuildPhase section */

/* Begin PBXVariantGroup section */
		86BCCFDE1C3CBF740038062A /* Main.storyboard */ = {
			isa = PBXVariantGroup;
			children = (
				86BCCFDF1C3CBF740038062A /* Base */,
			);
			name = Main.storyboard;
			sourceTree = "<group>";
		};
		86BCCFE31C3CBF740038062A /* LaunchScreen.storyboard */ = {
			isa = PBXVariantGroup;
			children = (
				86BCCFE41C3CBF740038062A /* Base */,
			);
			name = LaunchScreen.storyboard;
			sourceTree = "<group>";
		};
/* End PBXVariantGroup section */

/* Begin XCBuildConfiguration section */
		86BCCFE71C3CBF740038062A /* Debug */ = {
			isa = XCBuildConfiguration;
			buildSettings = {
				ALWAYS_SEARCH_USER_PATHS = NO;
				CLANG_CXX_LANGUAGE_STANDARD = "gnu++0x";
				CLANG_CXX_LIBRARY = "libc++";
				CLANG_ENABLE_MODULES = YES;
				CLANG_ENABLE_OBJC_ARC = YES;
				CLANG_WARN_BOOL_CONVERSION = YES;
				CLANG_WARN_CONSTANT_CONVERSION = YES;
				CLANG_WARN_DIRECT_OBJC_ISA_USAGE = YES_ERROR;
				CLANG_WARN_EMPTY_BODY = YES;
				CLANG_WARN_ENUM_CONVERSION = YES;
				CLANG_WARN_INT_CONVERSION = YES;
				CLANG_WARN_OBJC_ROOT_CLASS = YES_ERROR;
				CLANG_WARN_UNREACHABLE_CODE = YES;
				CLANG_WARN__DUPLICATE_METHOD_MATCH = YES;
				"CODE_SIGN_IDENTITY[sdk=iphoneos*]" = "iPhone Developer";
				COPY_PHASE_STRIP = NO;
				DEBUG_INFORMATION_FORMAT = dwarf;
				ENABLE_STRICT_OBJC_MSGSEND = YES;
				ENABLE_TESTABILITY = YES;
				GCC_C_LANGUAGE_STANDARD = gnu99;
				GCC_DYNAMIC_NO_PIC = NO;
				GCC_NO_COMMON_BLOCKS = YES;
				GCC_OPTIMIZATION_LEVEL = 0;
				GCC_PREPROCESSOR_DEFINITIONS = (
					"DEBUG=1",
					"$(inherited)",
				);
				GCC_WARN_64_TO_32_BIT_CONVERSION = YES;
				GCC_WARN_ABOUT_RETURN_TYPE = YES_ERROR;
				GCC_WARN_UNDECLARED_SELECTOR = YES;
				GCC_WARN_UNINITIALIZED_AUTOS = YES_AGGRESSIVE;
				GCC_WARN_UNUSED_FUNCTION = YES;
				GCC_WARN_UNUSED_VARIABLE = YES;
				IPHONEOS_DEPLOYMENT_TARGET = 9.2;
				MTL_ENABLE_DEBUG_INFO = YES;
				ONLY_ACTIVE_ARCH = YES;
				SDKROOT = iphoneos;
				SWIFT_OPTIMIZATION_LEVEL = "-Onone";
			};
			name = Debug;
		};
		86BCCFE81C3CBF740038062A /* Release */ = {
			isa = XCBuildConfiguration;
			buildSettings = {
				ALWAYS_SEARCH_USER_PATHS = NO;
				CLANG_CXX_LANGUAGE_STANDARD = "gnu++0x";
				CLANG_CXX_LIBRARY = "libc++";
				CLANG_ENABLE_MODULES = YES;
				CLANG_ENABLE_OBJC_ARC = YES;
				CLANG_WARN_BOOL_CONVERSION = YES;
				CLANG_WARN_CONSTANT_CONVERSION = YES;
				CLANG_WARN_DIRECT_OBJC_ISA_USAGE = YES_ERROR;
				CLANG_WARN_EMPTY_BODY = YES;
				CLANG_WARN_ENUM_CONVERSION = YES;
				CLANG_WARN_INT_CONVERSION = YES;
				CLANG_WARN_OBJC_ROOT_CLASS = YES_ERROR;
				CLANG_WARN_UNREACHABLE_CODE = YES;
				CLANG_WARN__DUPLICATE_METHOD_MATCH = YES;
				"CODE_SIGN_IDENTITY[sdk=iphoneos*]" = "iPhone Developer";
				COPY_PHASE_STRIP = NO;
				DEBUG_INFORMATION_FORMAT = "dwarf-with-dsym";
				ENABLE_NS_ASSERTIONS = NO;
				ENABLE_STRICT_OBJC_MSGSEND = YES;
				GCC_C_LANGUAGE_STANDARD = gnu99;
				GCC_NO_COMMON_BLOCKS = YES;
				GCC_WARN_64_TO_32_BIT_CONVERSION = YES;
				GCC_WARN_ABOUT_RETURN_TYPE = YES_ERROR;
				GCC_WARN_UNDECLARED_SELECTOR = YES;
				GCC_WARN_UNINITIALIZED_AUTOS = YES_AGGRESSIVE;
				GCC_WARN_UNUSED_FUNCTION = YES;
				GCC_WARN_UNUSED_VARIABLE = YES;
				IPHONEOS_DEPLOYMENT_TARGET = 9.2;
				MTL_ENABLE_DEBUG_INFO = NO;
				SDKROOT = iphoneos;
				VALIDATE_PRODUCT = YES;
			};
			name = Release;
		};
		86BCCFEA1C3CBF740038062A /* Debug */ = {
			isa = XCBuildConfiguration;
			buildSettings = {
				ASSETCATALOG_COMPILER_APPICON_NAME = AppIcon;
				INFOPLIST_FILE = project2_guest_the_flag/Info.plist;
				LD_RUNPATH_SEARCH_PATHS = "$(inherited) @executable_path/Frameworks";
				PRODUCT_BUNDLE_IDENTIFIER = "com.hackingwithswift.project2-guest-the-flag";
				PRODUCT_NAME = "$(TARGET_NAME)";
			};
			name = Debug;
		};
		86BCCFEB1C3CBF740038062A /* Release */ = {
			isa = XCBuildConfiguration;
			buildSettings = {
				ASSETCATALOG_COMPILER_APPICON_NAME = AppIcon;
				INFOPLIST_FILE = project2_guest_the_flag/Info.plist;
				LD_RUNPATH_SEARCH_PATHS = "$(inherited) @executable_path/Frameworks";
				PRODUCT_BUNDLE_IDENTIFIER = "com.hackingwithswift.project2-guest-the-flag";
				PRODUCT_NAME = "$(TARGET_NAME)";
			};
			name = Release;
		};
/* End XCBuildConfiguration section */

/* Begin XCConfigurationList section */
		86BCCFD21C3CBF740038062A /* Build configuration list for PBXProject "project2_guest_the_flag" */ = {
			isa = XCConfigurationList;
			buildConfigurations = (
				86BCCFE71C3CBF740038062A /* Debug */,
				86BCCFE81C3CBF740038062A /* Release */,
			);
			defaultConfigurationIsVisible = 0;
			defaultConfigurationName = Release;
		};
		86BCCFE91C3CBF740038062A /* Build configuration list for PBXNativeTarget "project2_guest_the_flag" */ = {
			isa = XCConfigurationList;
			buildConfigurations = (
				86BCCFEA1C3CBF740038062A /* Debug */,
				86BCCFEB1C3CBF740038062A /* Release */,
			);
			defaultConfigurationIsVisible = 0;
		};
/* End XCConfigurationList section */
	};
	rootObject = 86BCCFCF1C3CBF740038062A /* Project object */;
}
